
Microsoft Visual Studio Solution File, Format Version 12.00
Project("{FAE04EC0-301F-11D3-BF4B-00C04F79EFBC}") = "Sender", "Sender\Sender.csproj", "{0FE7B2B1-7073-4CB5-ABF1-6AB736AB6259}"
EndProject
Project("{FAE04EC0-301F-11D3-BF4B-00C04F79EFBC}") = "Broker", "Broker\Broker.csproj", "{F5060ED8-EDF9-4E17-8A5D-63A109FBB778}"
EndProject
Project("{FAE04EC0-301F-11D3-BF4B-00C04F79EFBC}") = "Receiver", "Receiver\Receiver.csproj", "{1E5FFCDE-FA9A-4F06-B1E8-C83059BF51AA}"
EndProject
Global
	GlobalSection(SolutionConfigurationPlatforms) = preSolution
		Debug|Any CPU = Debug|Any CPU
		Release|Any CPU = Release|Any CPU
	EndGlobalSection
	GlobalSection(ProjectConfigurationPlatforms) = postSolution
		{0FE7B2B1-7073-4CB5-ABF1-6AB736AB6259}.Debug|Any CPU.ActiveCfg = Debug|Any CPU
		{0FE7B2B1-7073-4CB5-ABF1-6AB736AB6259}.Debug|Any CPU.Build.0 = Debug|Any CPU
		{0FE7B2B1-7073-4CB5-ABF1-6AB736AB6259}.Release|Any CPU.ActiveCfg = Release|Any CPU
		{0FE7B2B1-7073-4CB5-ABF1-6AB736AB6259}.Release|Any CPU.Build.0 = Release|Any CPU
		{F5060ED8-EDF9-4E17-8A5D-63A109FBB778}.Debug|Any CPU.ActiveCfg = Debug|Any CPU
		{F5060ED8-EDF9-4E17-8A5D-63A109FBB778}.Debug|Any CPU.Build.0 = Debug|Any CPU
		{F5060ED8-EDF9-4E17-8A5D-63A109FBB778}.Release|Any CPU.ActiveCfg = Release|Any CPU
		{F5060ED8-EDF9-4E17-8A5D-63A109FBB778}.Release|Any CPU.Build.0 = Release|Any CPU
		{1E5FFCDE-FA9A-4F06-B1E8-C83059BF51AA}.Debug|Any CPU.ActiveCfg = Debug|Any CPU
		{1E5FFCDE-FA9A-4F06-B1E8-C83059BF51AA}.Debug|Any CPU.Build.0 = Debug|Any CPU
		{1E5FFCDE-FA9A-4F06-B1E8-C83059BF51AA}.Release|Any CPU.ActiveCfg = Release|Any CPU
		{1E5FFCDE-FA9A-4F06-B1E8-C83059BF51AA}.Release|Any CPU.Build.0 = Release|Any CPU
	EndGlobalSection
EndGlobal
